
Microsoft Visual Studio Solution File, Format Version 12.00
# Visual Studio Version 17
VisualStudioVersion = 17.12.35527.113
MinimumVisualStudioVersion = 10.0.40219.1
Project("{FAE04EC0-301F-11D3-BF4B-00C04F79EFBC}") = "ProyectoVeterinaria", "ProyectoVeterinaria\ProyectoVeterinaria.csproj", "{C30EBF45-E250-4698-815A-956B286C8546}"
EndProject
Project("{2150E333-8FDC-42A3-9474-1A3956D46DE8}") = "UserInterface", "UserInterface", "{EBDF5522-8A88-49D5-B124-5C7DAA2A1062}"
EndProject
Project("{2150E333-8FDC-42A3-9474-1A3956D46DE8}") = "Web", "Web", "{5CA75727-2573-410D-9CD6-CDFA900DB0F9}"
EndProject
Project("{2150E333-8FDC-42A3-9474-1A3956D46DE8}") = "Aplicacion", "Aplicacion", "{0F4B1AD7-6DF8-4C51-BC5B-E55DF5B7F804}"
EndProject
Project("{2150E333-8FDC-42A3-9474-1A3956D46DE8}") = "Dominio", "Dominio", "{F016D311-B7C4-47B4-9285-40D58E958F49}"
EndProject
Project("{2150E333-8FDC-42A3-9474-1A3956D46DE8}") = "Infraestructura", "Infraestructura", "{E02608BC-65DD-4908-890B-AE914A34F3C8}"
EndProject
Project("{2150E333-8FDC-42A3-9474-1A3956D46DE8}") = "Entidad", "Entidad", "{E9B2C2EF-8712-40EF-8F81-046D2858BFBF}"
EndProject
Project("{2150E333-8FDC-42A3-9474-1A3956D46DE8}") = "Repositorio", "Repositorio", "{08AA272F-7BCF-4295-BC13-B495BF6D40DF}"
EndProject
Project("{FAE04EC0-301F-11D3-BF4B-00C04F79EFBC}") = "Dominio.Entidad", "Dominio.Entidad\Dominio.Entidad.csproj", "{24982948-0DD5-4516-8D2D-76356F38FD9D}"
EndProject
Project("{FAE04EC0-301F-11D3-BF4B-00C04F79EFBC}") = "Dominio.Repositorio", "Dominio.Repositorio\Dominio.Repositorio.csproj", "{7849067E-6B9C-4E51-8180-9CE29BD87D53}"
EndProject
Project("{2150E333-8FDC-42A3-9474-1A3956D46DE8}") = "Data", "Data", "{437068FA-2170-4FA6-86ED-79DFC81A2C15}"
EndProject
Project("{FAE04EC0-301F-11D3-BF4B-00C04F79EFBC}") = "Infraestructura.Data", "Infraestructura.Data\Infraestructura.Data.csproj", "{C5F75A52-A0E8-4C4F-9F49-E51F6DE3AFA2}"
EndProject
Global
	GlobalSection(SolutionConfigurationPlatforms) = preSolution
		Debug|Any CPU = Debug|Any CPU
		Release|Any CPU = Release|Any CPU
	EndGlobalSection
	GlobalSection(ProjectConfigurationPlatforms) = postSolution
		{C30EBF45-E250-4698-815A-956B286C8546}.Debug|Any CPU.ActiveCfg = Debug|Any CPU
		{C30EBF45-E250-4698-815A-956B286C8546}.Debug|Any CPU.Build.0 = Debug|Any CPU
		{C30EBF45-E250-4698-815A-956B286C8546}.Release|Any CPU.ActiveCfg = Release|Any CPU
		{C30EBF45-E250-4698-815A-956B286C8546}.Release|Any CPU.Build.0 = Release|Any CPU
		{24982948-0DD5-4516-8D2D-76356F38FD9D}.Debug|Any CPU.ActiveCfg = Debug|Any CPU
		{24982948-0DD5-4516-8D2D-76356F38FD9D}.Debug|Any CPU.Build.0 = Debug|Any CPU
		{24982948-0DD5-4516-8D2D-76356F38FD9D}.Release|Any CPU.ActiveCfg = Release|Any CPU
		{24982948-0DD5-4516-8D2D-76356F38FD9D}.Release|Any CPU.Build.0 = Release|Any CPU
		{7849067E-6B9C-4E51-8180-9CE29BD87D53}.Debug|Any CPU.ActiveCfg = Debug|Any CPU
		{7849067E-6B9C-4E51-8180-9CE29BD87D53}.Debug|Any CPU.Build.0 = Debug|Any CPU
		{7849067E-6B9C-4E51-8180-9CE29BD87D53}.Release|Any CPU.ActiveCfg = Release|Any CPU
		{7849067E-6B9C-4E51-8180-9CE29BD87D53}.Release|Any CPU.Build.0 = Release|Any CPU
		{C5F75A52-A0E8-4C4F-9F49-E51F6DE3AFA2}.Debug|Any CPU.ActiveCfg = Debug|Any CPU
		{C5F75A52-A0E8-4C4F-9F49-E51F6DE3AFA2}.Debug|Any CPU.Build.0 = Debug|Any CPU
		{C5F75A52-A0E8-4C4F-9F49-E51F6DE3AFA2}.Release|Any CPU.ActiveCfg = Release|Any CPU
		{C5F75A52-A0E8-4C4F-9F49-E51F6DE3AFA2}.Release|Any CPU.Build.0 = Release|Any CPU
	EndGlobalSection
	GlobalSection(SolutionProperties) = preSolution
		HideSolutionNode = FALSE
	EndGlobalSection
	GlobalSection(NestedProjects) = preSolution
		{C30EBF45-E250-4698-815A-956B286C8546} = {5CA75727-2573-410D-9CD6-CDFA900DB0F9}
		{5CA75727-2573-410D-9CD6-CDFA900DB0F9} = {EBDF5522-8A88-49D5-B124-5C7DAA2A1062}
		{E9B2C2EF-8712-40EF-8F81-046D2858BFBF} = {F016D311-B7C4-47B4-9285-40D58E958F49}
		{08AA272F-7BCF-4295-BC13-B495BF6D40DF} = {F016D311-B7C4-47B4-9285-40D58E958F49}
		{24982948-0DD5-4516-8D2D-76356F38FD9D} = {E9B2C2EF-8712-40EF-8F81-046D2858BFBF}
		{7849067E-6B9C-4E51-8180-9CE29BD87D53} = {08AA272F-7BCF-4295-BC13-B495BF6D40DF}
		{437068FA-2170-4FA6-86ED-79DFC81A2C15} = {E02608BC-65DD-4908-890B-AE914A34F3C8}
		{C5F75A52-A0E8-4C4F-9F49-E51F6DE3AFA2} = {437068FA-2170-4FA6-86ED-79DFC81A2C15}
	EndGlobalSection
EndGlobal
